
Microsoft Visual Studio Solution File, Format Version 12.00
# Visual Studio Version 16
VisualStudioVersion = 16.0.31613.86
MinimumVisualStudioVersion = 10.0.40219.1
Project("{9A19103F-16F7-4668-BE54-9A1E7A4F7556}") = "WeatherGuide", "WeatherGuide\WeatherGuide.csproj", "{3A73B970-CF18-4543-8104-086C9C1E37C5}"
EndProject
Project("{9A19103F-16F7-4668-BE54-9A1E7A4F7556}") = "WeatherGuideApi", "WeatherGuideApi\WeatherGuideApi.csproj", "{D6A3545C-889F-4667-A734-E2B3A629DDF3}"
EndProject
Project("{FAE04EC0-301F-11D3-BF4B-00C04F79EFBC}") = "IotEmul", "IotEmul\IotEmul.csproj", "{D75694F8-F668-4F8A-AF5C-C210D0F8684F}"
EndProject
Global
	GlobalSection(SolutionConfigurationPlatforms) = preSolution
		Debug|Any CPU = Debug|Any CPU
		Release|Any CPU = Release|Any CPU
	EndGlobalSection
	GlobalSection(ProjectConfigurationPlatforms) = postSolution
		{3A73B970-CF18-4543-8104-086C9C1E37C5}.Debug|Any CPU.ActiveCfg = Debug|Any CPU
		{3A73B970-CF18-4543-8104-086C9C1E37C5}.Debug|Any CPU.Build.0 = Debug|Any CPU
		{3A73B970-CF18-4543-8104-086C9C1E37C5}.Release|Any CPU.ActiveCfg = Release|Any CPU
		{3A73B970-CF18-4543-8104-086C9C1E37C5}.Release|Any CPU.Build.0 = Release|Any CPU
		{D6A3545C-889F-4667-A734-E2B3A629DDF3}.Debug|Any CPU.ActiveCfg = Debug|Any CPU
		{D6A3545C-889F-4667-A734-E2B3A629DDF3}.Debug|Any CPU.Build.0 = Debug|Any CPU
		{D6A3545C-889F-4667-A734-E2B3A629DDF3}.Release|Any CPU.ActiveCfg = Release|Any CPU
		{D6A3545C-889F-4667-A734-E2B3A629DDF3}.Release|Any CPU.Build.0 = Release|Any CPU
		{D75694F8-F668-4F8A-AF5C-C210D0F8684F}.Debug|Any CPU.ActiveCfg = Debug|Any CPU
		{D75694F8-F668-4F8A-AF5C-C210D0F8684F}.Debug|Any CPU.Build.0 = Debug|Any CPU
		{D75694F8-F668-4F8A-AF5C-C210D0F8684F}.Release|Any CPU.ActiveCfg = Release|Any CPU
		{D75694F8-F668-4F8A-AF5C-C210D0F8684F}.Release|Any CPU.Build.0 = Release|Any CPU
	EndGlobalSection
	GlobalSection(SolutionProperties) = preSolution
		HideSolutionNode = FALSE
	EndGlobalSection
	GlobalSection(ExtensibilityGlobals) = postSolution
		SolutionGuid = {616A40DF-FD96-4D0F-AE2B-705D31EDBC4A}
	EndGlobalSection
EndGlobal
